
Microsoft Visual Studio Solution File, Format Version 12.00
# Visual Studio 15
VisualStudioVersion = 15.0.27130.2010
MinimumVisualStudioVersion = 10.0.40219.1
Project("{9A19103F-16F7-4668-BE54-9A1E7A4F7556}") = "Cars.Api", "src\Cars.Api\Cars.Api.csproj", "{CCFDD21E-90C0-4B06-B71F-969BEB868420}"
EndProject
Project("{9A19103F-16F7-4668-BE54-9A1E7A4F7556}") = "Cars.Domain", "src\Cars.Domain\Cars.Domain.csproj", "{C95ADA57-6AA1-4988-B129-75CEFE729BFA}"
EndProject
Project("{2150E333-8FDC-42A3-9474-1A3956D46DE8}") = "Test", "Test", "{BC69DE62-E35D-46DF-A2AF-FF6D5E993AA7}"
EndProject
Project("{9A19103F-16F7-4668-BE54-9A1E7A4F7556}") = "Cars.Kloud.Api.UnitTest", "test\Cars.Kloud.Api.UnitTest\Cars.Kloud.Api.UnitTest.csproj", "{7EE1DD20-E9F1-43D5-8D44-99FFE0D2C244}"
EndProject
Project("{9A19103F-16F7-4668-BE54-9A1E7A4F7556}") = "Cars.Kloud.Api", "src\Cars.Kloud.Api\Cars.Kloud.Api.csproj", "{ED6E82BD-579D-438A-8380-E320599D1452}"
EndProject
Project("{FAE04EC0-301F-11D3-BF4B-00C04F79EFBC}") = "Cars.Api.UnitTest", "test\Cars.Api.UnitTest\Cars.Api.UnitTest.csproj", "{D88AA88A-5077-4E25-A0FC-FCC91BC300A3}"
EndProject
Global
	GlobalSection(SolutionConfigurationPlatforms) = preSolution
		Debug|Any CPU = Debug|Any CPU
		Release|Any CPU = Release|Any CPU
	EndGlobalSection
	GlobalSection(ProjectConfigurationPlatforms) = postSolution
		{CCFDD21E-90C0-4B06-B71F-969BEB868420}.Debug|Any CPU.ActiveCfg = Debug|Any CPU
		{CCFDD21E-90C0-4B06-B71F-969BEB868420}.Debug|Any CPU.Build.0 = Debug|Any CPU
		{CCFDD21E-90C0-4B06-B71F-969BEB868420}.Release|Any CPU.ActiveCfg = Release|Any CPU
		{CCFDD21E-90C0-4B06-B71F-969BEB868420}.Release|Any CPU.Build.0 = Release|Any CPU
		{C95ADA57-6AA1-4988-B129-75CEFE729BFA}.Debug|Any CPU.ActiveCfg = Debug|Any CPU
		{C95ADA57-6AA1-4988-B129-75CEFE729BFA}.Debug|Any CPU.Build.0 = Debug|Any CPU
		{C95ADA57-6AA1-4988-B129-75CEFE729BFA}.Release|Any CPU.ActiveCfg = Release|Any CPU
		{C95ADA57-6AA1-4988-B129-75CEFE729BFA}.Release|Any CPU.Build.0 = Release|Any CPU
		{7EE1DD20-E9F1-43D5-8D44-99FFE0D2C244}.Debug|Any CPU.ActiveCfg = Debug|Any CPU
		{7EE1DD20-E9F1-43D5-8D44-99FFE0D2C244}.Debug|Any CPU.Build.0 = Debug|Any CPU
		{7EE1DD20-E9F1-43D5-8D44-99FFE0D2C244}.Release|Any CPU.ActiveCfg = Release|Any CPU
		{7EE1DD20-E9F1-43D5-8D44-99FFE0D2C244}.Release|Any CPU.Build.0 = Release|Any CPU
		{ED6E82BD-579D-438A-8380-E320599D1452}.Debug|Any CPU.ActiveCfg = Debug|Any CPU
		{ED6E82BD-579D-438A-8380-E320599D1452}.Debug|Any CPU.Build.0 = Debug|Any CPU
		{ED6E82BD-579D-438A-8380-E320599D1452}.Release|Any CPU.ActiveCfg = Release|Any CPU
		{ED6E82BD-579D-438A-8380-E320599D1452}.Release|Any CPU.Build.0 = Release|Any CPU
		{D88AA88A-5077-4E25-A0FC-FCC91BC300A3}.Debug|Any CPU.ActiveCfg = Debug|Any CPU
		{D88AA88A-5077-4E25-A0FC-FCC91BC300A3}.Debug|Any CPU.Build.0 = Debug|Any CPU
		{D88AA88A-5077-4E25-A0FC-FCC91BC300A3}.Release|Any CPU.ActiveCfg = Release|Any CPU
		{D88AA88A-5077-4E25-A0FC-FCC91BC300A3}.Release|Any CPU.Build.0 = Release|Any CPU
	EndGlobalSection
	GlobalSection(SolutionProperties) = preSolution
		HideSolutionNode = FALSE
	EndGlobalSection
	GlobalSection(NestedProjects) = preSolution
		{7EE1DD20-E9F1-43D5-8D44-99FFE0D2C244} = {BC69DE62-E35D-46DF-A2AF-FF6D5E993AA7}
		{D88AA88A-5077-4E25-A0FC-FCC91BC300A3} = {BC69DE62-E35D-46DF-A2AF-FF6D5E993AA7}
	EndGlobalSection
	GlobalSection(ExtensibilityGlobals) = postSolution
		SolutionGuid = {3B8FEDB1-DD43-4334-A840-0AAE3CB8CAD6}
	EndGlobalSection
EndGlobal
